
Microsoft Visual Studio Solution File, Format Version 12.00
# Visual Studio Version 17
VisualStudioVersion = 17.0.31903.59
MinimumVisualStudioVersion = 10.0.40219.1
Project("{FAE04EC0-301F-11D3-BF4B-00C04F79EFBC}") = "Estudai.Domain", "src\Estudai.Domain\Estudai.Domain.csproj", "{28AB0CA4-AAD7-4F55-90D7-C2926D7CE3A7}"
EndProject
Project("{FAE04EC0-301F-11D3-BF4B-00C04F79EFBC}") = "Estudai.Application", "src\Estudai.Application\Estudai.Application.csproj", "{08516BA4-EFDE-4E36-B0EA-E79CDEE753AC}"
EndProject
Project("{FAE04EC0-301F-11D3-BF4B-00C04F79EFBC}") = "Estudai.Infrastructure", "src\Estudai.Infrastructure\Estudai.Infrastructure.csproj", "{E0BD5571-682F-4979-A69A-02C945C34A54}"
EndProject
Project("{FAE04EC0-301F-11D3-BF4B-00C04F79EFBC}") = "Estudai.Presentation", "src\Estudai.Presentation\Estudai.Presentation.csproj", "{0C535A3D-3328-48D3-8A97-C0E60B0826AC}"
EndProject
Project("{2150E333-8FDC-42A3-9474-1A3956D46DE8}") = "src", "src", "{02EA681E-C7D8-13C7-8484-4AC65E1B71E8}"
EndProject
Project("{2150E333-8FDC-42A3-9474-1A3956D46DE8}") = "tests", "tests", "{9EE491B9-845C-4BBA-8FA7-DFF9DE7C4D3C}"
EndProject
Project("{FAE04EC0-301F-11D3-BF4B-00C04F79EFBC}") = "Estudai.UnitTests", "tests\Estudai.UnitTests\Estudai.UnitTests.csproj", "{DE0CC37E-DE68-41CD-BAF7-5085065E7F76}"
EndProject
Project("{2150E333-8FDC-42A3-9474-1A3956D46DE8}") = "Domain", "Domain", "{02A7B857-229B-4167-B717-1E4B99F14091}"
EndProject
Project("{2150E333-8FDC-42A3-9474-1A3956D46DE8}") = "Infrastructure", "Infrastructure", "{DD8C7EEF-1F41-44D0-ADA8-3FABA69F5427}"
EndProject
Project("{2150E333-8FDC-42A3-9474-1A3956D46DE8}") = "Presentation", "Presentation", "{046FC116-1141-4084-AD31-8A5413C3C350}"
EndProject
Project("{2150E333-8FDC-42A3-9474-1A3956D46DE8}") = "Application", "Application", "{D81119F4-E743-4AA6-ACF2-97CF86140D8E}"
EndProject
Project("{2150E333-8FDC-42A3-9474-1A3956D46DE8}") = "UnitTests", "UnitTests", "{59D51258-D26D-4E55-AEC3-66FEAAC9CD0E}"
EndProject
Global
	GlobalSection(SolutionConfigurationPlatforms) = preSolution
		Debug|Any CPU = Debug|Any CPU
		Release|Any CPU = Release|Any CPU
	EndGlobalSection
	GlobalSection(ProjectConfigurationPlatforms) = postSolution
		{28AB0CA4-AAD7-4F55-90D7-C2926D7CE3A7}.Debug|Any CPU.ActiveCfg = Debug|Any CPU
		{28AB0CA4-AAD7-4F55-90D7-C2926D7CE3A7}.Debug|Any CPU.Build.0 = Debug|Any CPU
		{28AB0CA4-AAD7-4F55-90D7-C2926D7CE3A7}.Release|Any CPU.ActiveCfg = Release|Any CPU
		{28AB0CA4-AAD7-4F55-90D7-C2926D7CE3A7}.Release|Any CPU.Build.0 = Release|Any CPU
		{08516BA4-EFDE-4E36-B0EA-E79CDEE753AC}.Debug|Any CPU.ActiveCfg = Debug|Any CPU
		{08516BA4-EFDE-4E36-B0EA-E79CDEE753AC}.Debug|Any CPU.Build.0 = Debug|Any CPU
		{08516BA4-EFDE-4E36-B0EA-E79CDEE753AC}.Release|Any CPU.ActiveCfg = Release|Any CPU
		{08516BA4-EFDE-4E36-B0EA-E79CDEE753AC}.Release|Any CPU.Build.0 = Release|Any CPU
		{E0BD5571-682F-4979-A69A-02C945C34A54}.Debug|Any CPU.ActiveCfg = Debug|Any CPU
		{E0BD5571-682F-4979-A69A-02C945C34A54}.Debug|Any CPU.Build.0 = Debug|Any CPU
		{E0BD5571-682F-4979-A69A-02C945C34A54}.Release|Any CPU.ActiveCfg = Release|Any CPU
		{E0BD5571-682F-4979-A69A-02C945C34A54}.Release|Any CPU.Build.0 = Release|Any CPU
		{0C535A3D-3328-48D3-8A97-C0E60B0826AC}.Debug|Any CPU.ActiveCfg = Debug|Any CPU
		{0C535A3D-3328-48D3-8A97-C0E60B0826AC}.Debug|Any CPU.Build.0 = Debug|Any CPU
		{0C535A3D-3328-48D3-8A97-C0E60B0826AC}.Release|Any CPU.ActiveCfg = Release|Any CPU
		{0C535A3D-3328-48D3-8A97-C0E60B0826AC}.Release|Any CPU.Build.0 = Release|Any CPU
		{DE0CC37E-DE68-41CD-BAF7-5085065E7F76}.Debug|Any CPU.ActiveCfg = Debug|Any CPU
		{DE0CC37E-DE68-41CD-BAF7-5085065E7F76}.Debug|Any CPU.Build.0 = Debug|Any CPU
		{DE0CC37E-DE68-41CD-BAF7-5085065E7F76}.Release|Any CPU.ActiveCfg = Release|Any CPU
		{DE0CC37E-DE68-41CD-BAF7-5085065E7F76}.Release|Any CPU.Build.0 = Release|Any CPU
	EndGlobalSection
	GlobalSection(SolutionProperties) = preSolution
		HideSolutionNode = FALSE
	EndGlobalSection
	GlobalSection(NestedProjects) = preSolution
		{28AB0CA4-AAD7-4F55-90D7-C2926D7CE3A7} = {02A7B857-229B-4167-B717-1E4B99F14091}
		{08516BA4-EFDE-4E36-B0EA-E79CDEE753AC} = {D81119F4-E743-4AA6-ACF2-97CF86140D8E}
		{E0BD5571-682F-4979-A69A-02C945C34A54} = {DD8C7EEF-1F41-44D0-ADA8-3FABA69F5427}
		{0C535A3D-3328-48D3-8A97-C0E60B0826AC} = {046FC116-1141-4084-AD31-8A5413C3C350}
		{DE0CC37E-DE68-41CD-BAF7-5085065E7F76} = {59D51258-D26D-4E55-AEC3-66FEAAC9CD0E}
		{02A7B857-229B-4167-B717-1E4B99F14091} = {02EA681E-C7D8-13C7-8484-4AC65E1B71E8}
		{DD8C7EEF-1F41-44D0-ADA8-3FABA69F5427} = {02EA681E-C7D8-13C7-8484-4AC65E1B71E8}
		{046FC116-1141-4084-AD31-8A5413C3C350} = {02EA681E-C7D8-13C7-8484-4AC65E1B71E8}
		{D81119F4-E743-4AA6-ACF2-97CF86140D8E} = {02EA681E-C7D8-13C7-8484-4AC65E1B71E8}
		{59D51258-D26D-4E55-AEC3-66FEAAC9CD0E} = {9EE491B9-845C-4BBA-8FA7-DFF9DE7C4D3C}
	EndGlobalSection
	GlobalSection(ExtensibilityGlobals) = postSolution
		SolutionGuid = {FD8BDB97-427C-4953-BBED-836566DF4343}
	EndGlobalSection
EndGlobal
